{
  "name": "wasm",
  "lockfileVersion": 2,
  "requires": true,
  "packages": {
    "": {
      "dependencies": {
        "aes-wasm-quocanhv": "^1.0.1"
      }
    },
    "node_modules/aes-wasm-quocanhv": {
      "version": "1.0.1",
      "resolved": "https://registry.npmjs.org/aes-wasm-quocanhv/-/aes-wasm-quocanhv-1.0.1.tgz",
      "integrity": "sha512-0qJkjwUhEIK4qxOzSJbskPGBgd5FQHnR6BtbhEAebVwMY8Vsip5bBCycP4nAEA5aJq7wFZXz/Wq2+TUo49VePw=="
    }
  },
  "dependencies": {
    "aes-wasm-quocanhv": {
      "version": "1.0.1",
      "resolved": "https://registry.npmjs.org/aes-wasm-quocanhv/-/aes-wasm-quocanhv-1.0.1.tgz",
      "integrity": "sha512-0qJkjwUhEIK4qxOzSJbskPGBgd5FQHnR6BtbhEAebVwMY8Vsip5bBCycP4nAEA5aJq7wFZXz/Wq2+TUo49VePw=="
    }
  }
}
